
Microsoft Visual Studio Solution File, Format Version 12.00
# Visual Studio Version 17
VisualStudioVersion = 17.1.32210.238
MinimumVisualStudioVersion = 10.0.40219.1
Project("{9A19103F-16F7-4668-BE54-9A1E7A4F7556}") = "StalkerMUD.Client", "StalkerMUD.Client\StalkerMUD.Client.csproj", "{4DCC5B35-AECF-49EE-9CD6-28898D66D1E1}"
EndProject
Project("{9A19103F-16F7-4668-BE54-9A1E7A4F7556}") = "StalkerMUD.Common", "StalkerMUD.Common\StalkerMUD.Common.csproj", "{8739B585-6BBC-429F-B81A-480B20845BD9}"
EndProject
Project("{FAE04EC0-301F-11D3-BF4B-00C04F79EFBC}") = "StalkerMUD.Server", "StalkerMUD.Server\StalkerMUD.Server.csproj", "{127F2B18-3CC9-4CA7-AE14-BD6FCAA22F13}"
EndProject
Global
	GlobalSection(SolutionConfigurationPlatforms) = preSolution
		Debug|Any CPU = Debug|Any CPU
		Release|Any CPU = Release|Any CPU
	EndGlobalSection
	GlobalSection(ProjectConfigurationPlatforms) = postSolution
		{4DCC5B35-AECF-49EE-9CD6-28898D66D1E1}.Debug|Any CPU.ActiveCfg = Debug|Any CPU
		{4DCC5B35-AECF-49EE-9CD6-28898D66D1E1}.Debug|Any CPU.Build.0 = Debug|Any CPU
		{4DCC5B35-AECF-49EE-9CD6-28898D66D1E1}.Release|Any CPU.ActiveCfg = Release|Any CPU
		{4DCC5B35-AECF-49EE-9CD6-28898D66D1E1}.Release|Any CPU.Build.0 = Release|Any CPU
		{8739B585-6BBC-429F-B81A-480B20845BD9}.Debug|Any CPU.ActiveCfg = Debug|Any CPU
		{8739B585-6BBC-429F-B81A-480B20845BD9}.Debug|Any CPU.Build.0 = Debug|Any CPU
		{8739B585-6BBC-429F-B81A-480B20845BD9}.Release|Any CPU.ActiveCfg = Release|Any CPU
		{8739B585-6BBC-429F-B81A-480B20845BD9}.Release|Any CPU.Build.0 = Release|Any CPU
		{127F2B18-3CC9-4CA7-AE14-BD6FCAA22F13}.Debug|Any CPU.ActiveCfg = Debug|Any CPU
		{127F2B18-3CC9-4CA7-AE14-BD6FCAA22F13}.Debug|Any CPU.Build.0 = Debug|Any CPU
		{127F2B18-3CC9-4CA7-AE14-BD6FCAA22F13}.Release|Any CPU.ActiveCfg = Release|Any CPU
		{127F2B18-3CC9-4CA7-AE14-BD6FCAA22F13}.Release|Any CPU.Build.0 = Release|Any CPU
	EndGlobalSection
	GlobalSection(SolutionProperties) = preSolution
		HideSolutionNode = FALSE
	EndGlobalSection
	GlobalSection(ExtensibilityGlobals) = postSolution
		SolutionGuid = {F753CD9A-6A0F-4857-87A2-C5006D913498}
	EndGlobalSection
EndGlobal
